{
  "requires": true,
  "lockfileVersion": 1,
  "dependencies": {
    "any-promise": {
      "version": "1.3.0",
      "resolved": "https://registry.npmjs.org/any-promise/-/any-promise-1.3.0.tgz",
      "integrity": "sha1-q8av7tzqUugJzcA3au0845Y10X8="
    },
    "bindings": {
      "version": "1.3.1",
      "resolved": "https://registry.npmjs.org/bindings/-/bindings-1.3.1.tgz",
      "integrity": "sha512-i47mqjF9UbjxJhxGf+pZ6kSxrnI3wBLlnGI2ArWJ4r0VrvDS7ZYXkprq/pLaBWYq4GM0r4zdHY+NNRqEMU7uew=="
    },
    "truffle-hdwallet-provider": {
      "version": "1.0.0-web3one.5",
      "resolved": "https://registry.npmjs.org/truffle-hdwallet-provider/-/truffle-hdwallet-provider-1.0.0-web3one.5.tgz",
      "integrity": "sha512-mALnG1ahfqPFufwzNcxW6JxSzgP+FwSyHr8kFtBE/ymMH8N6S2EeUPFds7a2IKyTMZ3npTMHLTR+seTQitn2yQ=="
    }
  }
}
